{
  "version": "5",
  "specifiers": {
    "jsr:@narumincho/apple-notification-jwt@0.1.0": "0.1.0",
    "jsr:@std/encoding@1": "1.0.11",
    "npm:@types/node@*": "24.2.0"
  },
  "jsr": {
    "@narumincho/apple-notification-jwt@0.1.0": {
      "integrity": "cabeb8877c26160b85583aed7009924184262928eec0ff60b6310e415be61c28",
      "dependencies": [
        "jsr:@std/encoding"
      ]
    },
    "@std/encoding@1.0.11": {
      "integrity": "e7cef2f0b3153bccc17431e7c864a1de03a4b6d9647389c43e08aaa775d37385"
    }
  },
  "npm": {
    "@types/node@24.2.0": {
      "integrity": "sha512-3xyG3pMCq3oYCNg7/ZP+E1ooTaGB4cG8JWRsqqOYQdbWNY4zbaV0Ennrd7stjiJEFZCaybcIgpTjJWHRfBSIDw==",
      "dependencies": [
        "undici-types"
      ]
    },
    "undici-types@7.10.0": {
      "integrity": "sha512-t5Fy/nfn+14LuOc2KNYg75vZqClpAiqscVvMygNnlsHBFpSXdJaYtXMcdNLpl/Qvc3P2cB3s6lOV51nqsFq4ag=="
    }
  },
  "redirects": {
    "https://esm.sh/@types/boolbase@~1.0.3/index.d.ts": "https://esm.sh/@types/boolbase@1.0.3/index.d.ts",
    "https://esm.sh/@types/cssom@~0.4.3/index.d.ts": "https://esm.sh/@types/cssom@0.4.3/index.d.ts",
    "https://esm.sh/boolbase@^1.0.0?target=denonext": "https://esm.sh/boolbase@1.0.0?target=denonext",
    "https://esm.sh/build/Release/canvas.node?target=denonext": "https://esm.sh/build@0.1.4/Release/canvas.node?target=denonext",
    "https://esm.sh/canvas?target=denonext": "https://esm.sh/canvas@3.2.3?target=denonext",
    "https://esm.sh/css-select@^5.1.0?target=denonext": "https://esm.sh/css-select@5.2.2?target=denonext",
    "https://esm.sh/css-what@^6.1.0?target=denonext": "https://esm.sh/css-what@6.2.2?target=denonext",
    "https://esm.sh/cssom@^0.5.0?target=denonext": "https://esm.sh/cssom@0.5.0?target=denonext",
    "https://esm.sh/dom-serializer@^2.0.0?target=denonext": "https://esm.sh/dom-serializer@2.0.0?target=denonext",
    "https://esm.sh/domelementtype@^2.3.0?target=denonext": "https://esm.sh/domelementtype@2.3.0?target=denonext",
    "https://esm.sh/domhandler@^5.0.3?target=denonext": "https://esm.sh/domhandler@5.0.3?target=denonext",
    "https://esm.sh/domutils@^3.0.1?target=denonext": "https://esm.sh/domutils@3.2.2?target=denonext",
    "https://esm.sh/domutils@^3.2.2?target=denonext": "https://esm.sh/domutils@3.2.2?target=denonext",
    "https://esm.sh/entities@^4.2.0?target=denonext": "https://esm.sh/entities@4.5.0?target=denonext",
    "https://esm.sh/entities@^7.0.1/decode?target=denonext": "https://esm.sh/entities@7.0.1/decode?target=denonext",
    "https://esm.sh/htmlparser2@^10.0.0?target=denonext": "https://esm.sh/htmlparser2@10.1.0?target=denonext",
    "https://esm.sh/iceberg-js@^0.8.1?target=denonext": "https://esm.sh/iceberg-js@0.8.1?target=denonext",
    "https://esm.sh/nth-check@^2.0.1?target=denonext": "https://esm.sh/nth-check@2.1.1?target=denonext",
    "https://esm.sh/uhyphen@^0.2.0?target=denonext": "https://esm.sh/uhyphen@0.2.0?target=denonext"
  },
  "remote": {
    "https://deno.land/std@0.160.0/encoding/base64.ts": "c57868ca7fa2fbe919f57f88a623ad34e3d970d675bdc1ff3a9d02bba7409db2",
    "https://deno.land/std@0.160.0/encoding/base64url.ts": "a5f82a9fa703bd85a5eb8e7c1296bc6529e601ebd9642cc2b5eaa6b38fa9e05a",
    "https://deno.land/std@0.165.0/encoding/base64.ts": "c57868ca7fa2fbe919f57f88a623ad34e3d970d675bdc1ff3a9d02bba7409db2",
    "https://deno.land/x/google_jwt_sa@v0.2.5/mod.ts": "64038fce1a4284d4104a7daf39664af629dc5c2934376e7e84fdf900dc6eaf1d",
    "https://esm.sh/@supabase/auth-js@2.110.0/denonext/auth-js.mjs": "9343a81cff9b86e6c51f173c9d6bd775791755648553520722a85ba59099f38f",
    "https://esm.sh/@supabase/functions-js@2.110.0/denonext/functions-js.mjs": "e34b2f3b958ab4b0339bc0e58781bb264d5387162e1094fad63b35b8746c835d",
    "https://esm.sh/@supabase/phoenix@0.4.4/denonext/phoenix.mjs": "2c4954292d10fd9137d66a1b7abd73bf24f9771a444c3d4e267b12e1e2b132c8",
    "https://esm.sh/@supabase/postgrest-js@2.110.0/denonext/postgrest-js.mjs": "6ab3b6d6194d199b1319fd523142ccefc443be29e8280f1007c9917d83ba00e2",
    "https://esm.sh/@supabase/realtime-js@2.110.0/denonext/realtime-js.mjs": "300a4129865ad69c45d79e89963e357d003847fb707a5c88cfebf63030db2f2b",
    "https://esm.sh/@supabase/storage-js@2.110.0/denonext/storage-js.mjs": "1bf5f1363d7e019fb4e7ba41b3f00e4e338acec2379835591f8d4f5590e96a3a",
    "https://esm.sh/@supabase/supabase-js@2.110.0": "b99c0ce7729f9de7797f836b93ab9ec94f1cfe079b4f937fa4144fe13525e979",
    "https://esm.sh/@supabase/supabase-js@2.110.0/denonext/supabase-js.mjs": "eb573f7b15e0522ac34f4fa0a02011bc237dade5b71946aafb19d375ed8f278b",
    "https://esm.sh/boolbase@1.0.0/denonext/boolbase.mjs": "70e9521b9532b5e4dc0c807422529b15b4452663dbdb70dff9c7b65d0ff2e3cb",
    "https://esm.sh/boolbase@1.0.0?target=denonext": "5d10bc2e0fb13eedfc6859bffbeb5a6f08679797fa8740c7d821841c2e22945f",
    "https://esm.sh/canvas@3.2.3/denonext/canvas.mjs": "486b97cc48c65fdabce30d0fcf6750d998db0713272af1fd9c2d0c4ddaecf5e1",
    "https://esm.sh/canvas@3.2.3?target=denonext": "946dba4c1c0d05ad8415695a316b1b8afd85335f470969bb340b2b34b1eeb27a",
    "https://esm.sh/css-select@5.2.2/denonext/css-select.mjs": "db6e191df366250412483170f6cc25b8416b86b7cbfc85b386de2aa92712924b",
    "https://esm.sh/css-select@5.2.2?target=denonext": "6a1bffb076b7b4260cd1c62d3be28be32fdc7c9260a22f2402f218cb12beb440",
    "https://esm.sh/css-what@6.2.2/denonext/css-what.mjs": "9c9b079c45f30d5392006f8225f9322564898dd23888e9e6740e25955d37e204",
    "https://esm.sh/css-what@6.2.2?target=denonext": "74e16b118fb7045d5c136d4deaa3473627c8d10eb1fd7d0ab29ae5f588bec979",
    "https://esm.sh/cssom@0.5.0/denonext/cssom.mjs": "9d6c9e9fe0e5bcfe6b4265bbea02ff855fa10de720b39a089b67b966bd84d710",
    "https://esm.sh/cssom@0.5.0?target=denonext": "1502162980e9e132a91617ccac5324e5d64f5bce1bbf041a7a37a2d78afee9f3",
    "https://esm.sh/dom-serializer@2.0.0/denonext/dom-serializer.mjs": "545028b1d2c25bae5cbfe6930a28a2e4f7f05e1a0d09bbd0f3f5f9a33df8e3bd",
    "https://esm.sh/dom-serializer@2.0.0?target=denonext": "1626b2b8326556ea2816b5f9bf7522bc9581d545fd9ad117c066ab7a5ff1fb89",
    "https://esm.sh/domelementtype@2.3.0/denonext/domelementtype.mjs": "4f3b57348729cd517560139eb1969ca2fe9cc58c5188abe56e7336d5cb557cc0",
    "https://esm.sh/domelementtype@2.3.0?target=denonext": "2beb2a1e3d18892a9b00ef9528811b93f613a77d2b6fb25376ec0f109ac48a4f",
    "https://esm.sh/domhandler@5.0.3/denonext/domhandler.mjs": "3fb258a3d79bc9066a568bb6b09ce946d1fcfa2636a24ae80a4db220956e0873",
    "https://esm.sh/domhandler@5.0.3?target=denonext": "298fde249b7bff9e80667cfe643e7d4b390871b77b0928d086ce4c0b8fc570e2",
    "https://esm.sh/domutils@3.2.2/denonext/domutils.mjs": "f0b4e80e73810ed6f3d8c4e1822feef89208f32c88b6024a84328d02f5f77c40",
    "https://esm.sh/domutils@3.2.2?target=denonext": "7e487176c61dfd1dfdbcfd1195e7329a64f53421511561b69c570a6cff0a6167",
    "https://esm.sh/entities@4.5.0/denonext/entities.mjs": "4a9306e4021ae1079e83b5db26e1678c536fa69c8f2839802bc3cc43282cef08",
    "https://esm.sh/entities@4.5.0/denonext/lib/decode.mjs": "ef22e25f6bca668e40c4f7d4ecaebe2172a833a18372d55b54f997d0d8702dcd",
    "https://esm.sh/entities@4.5.0/denonext/lib/escape.mjs": "116aef78e5ff05efa6f79851b8b59da025ab88f5c25d2262f73df98f4d57c3fa",
    "https://esm.sh/entities@4.5.0?target=denonext": "f6bc559c07f40e94b3ef50f0b24e2666a2258db3b6697bf4da8fd2fc014ef7a1",
    "https://esm.sh/entities@7.0.1/decode?target=denonext": "e094b39ba2943a6b1dec7613f42f2f8c72725201a195047690a451efb517c993",
    "https://esm.sh/entities@7.0.1/denonext/decode.mjs": "8137297a800f9042309e2fa8c5f7fdca0a0541513b68cc0a1c8f8991cdd41398",
    "https://esm.sh/htmlparser2@10.1.0/denonext/dist/esm/Parser.mjs": "0d42def32249314d3735e83b7cfe63dbdb4cd77b932e924d8d166d99d0ef560f",
    "https://esm.sh/htmlparser2@10.1.0/denonext/dist/esm/Tokenizer.mjs": "4738f530918e48f73139f8582322e3104822406e6251fc7201709a0f3e0befea",
    "https://esm.sh/htmlparser2@10.1.0/denonext/htmlparser2.mjs": "5cb26e96c71597a8da3195d887dfbb5f788d9626a01e3ca38ffd7a2427824686",
    "https://esm.sh/htmlparser2@10.1.0?target=denonext": "316476a5c5feecfa95b7301a51f11b79c84d8ae6a2e869d42e43ebc4f4aa4f4f",
    "https://esm.sh/iceberg-js@0.8.1/denonext/iceberg-js.mjs": "d839d81a2e3966500ca2cdd0c1cb458e9608bacfc91f7bb67a69b2e878dcdb4f",
    "https://esm.sh/iceberg-js@0.8.1?target=denonext": "58c849d7fe2bf4eca4a84eb501e83c161a7d8c34ca1bec15a962b3bec3062633",
    "https://esm.sh/linkedom@0.18.9": "33dc83da162fa2dfe201bd41cf0342338d7c815bee0f8e70f1dc64be4dbbb764",
    "https://esm.sh/linkedom@0.18.9/denonext/esm/html/document.mjs": "a7f156218cd7f8a0763950fd1bb95b9600c9e5385c341aaf87e4a2fd19cdbb4c",
    "https://esm.sh/linkedom@0.18.9/denonext/esm/html/element.mjs": "13f9af2e0eefd63bf7318fbde4ea62e1d4edf9507a66b36506d6507731a9aed6",
    "https://esm.sh/linkedom@0.18.9/denonext/esm/html/image-element.mjs": "0aff42c5e9f3a8079aa201393b4a0f7fb326c5c82119a505df3988e3604f663b",
    "https://esm.sh/linkedom@0.18.9/denonext/esm/interface/attr.mjs": "4f91627f2940ff7d06e1ceafbd55ebaf3760cd4158cbe0195ef2bccf6ca7fc73",
    "https://esm.sh/linkedom@0.18.9/denonext/esm/interface/cdata-section.mjs": "9d801712e2bd6db80475a0df4be83229c5f9f9307f89ef87992c15eab3807a26",
    "https://esm.sh/linkedom@0.18.9/denonext/esm/interface/character-data.mjs": "a55dbe3724359f289322f85084243d5f3294b9e9e0514a0f06c89c9307957c95",
    "https://esm.sh/linkedom@0.18.9/denonext/esm/interface/comment.mjs": "1cbb6be31315a7a4ce26c39e839971efd6139b284e1e241e421cd07a901fcea4",
    "https://esm.sh/linkedom@0.18.9/denonext/esm/interface/custom-element-registry.mjs": "be10994ef97020f3152e89ddf4bb70f23a9729608216e118d880977734769130",
    "https://esm.sh/linkedom@0.18.9/denonext/esm/interface/custom-event.mjs": "23dc22d5ef4624e6fa65c130fa32d1b0406b73baa0a6c311274e13338bebd308",
    "https://esm.sh/linkedom@0.18.9/denonext/esm/interface/document-fragment.mjs": "962575b3498b7dca9ea86cc3fd7b1ceb8a0f5243f9c6f162b783ab59659d8df6",
    "https://esm.sh/linkedom@0.18.9/denonext/esm/interface/document-type.mjs": "1584a5c6a51ce3c341fafa7b75ad72875a02517b2cc5a0df585db210f042a884",
    "https://esm.sh/linkedom@0.18.9/denonext/esm/interface/document.mjs": "ec4dbcd31e9d24f1e65cd6e9bede764b367915a00893467637ba69a5f33dd59d",
    "https://esm.sh/linkedom@0.18.9/denonext/esm/interface/element.mjs": "0d147bc8658642ae1d73972f0ff3ad920c866fbccda3a063b7a936742ff8750b",
    "https://esm.sh/linkedom@0.18.9/denonext/esm/interface/event-target.mjs": "ddfdd05a2573f7dff7749c3231060607a5b223250a1b5a85561d04f887e3ce64",
    "https://esm.sh/linkedom@0.18.9/denonext/esm/interface/event.mjs": "3028acfe059e115544e6712a04ebf42cd9979efc6578b6211f470b739a936e36",
    "https://esm.sh/linkedom@0.18.9/denonext/esm/interface/input-event.mjs": "79c02c17cd5d704c3e75732c147e0017489d7cdc6d6b83c0d20fd5c4f126b184",
    "https://esm.sh/linkedom@0.18.9/denonext/esm/interface/mutation-observer.mjs": "1a26902682fc4b95b2bbf497df6e9ba6326c189454d768ef785206aa07a519fa",
    "https://esm.sh/linkedom@0.18.9/denonext/esm/interface/named-node-map.mjs": "9f6b17a0761b88a201a90669b2ec9671c238e51825c6b6340d33fd69cacdc949",
    "https://esm.sh/linkedom@0.18.9/denonext/esm/interface/node-list.mjs": "b5e47a245e50c4387110102d5333bfe811cbd50311df1d4a6e4351d21a0e6056",
    "https://esm.sh/linkedom@0.18.9/denonext/esm/interface/node.mjs": "3b0588bebb94b0b7605767d3f8bcc555eeaf657494b5f491685017119c76119b",
    "https://esm.sh/linkedom@0.18.9/denonext/esm/interface/shadow-root.mjs": "fd1a00025a4a3ff820aaef54c6f381bc6425f753a7fb1d211494df34f77a2ff1",
    "https://esm.sh/linkedom@0.18.9/denonext/esm/interface/text.mjs": "1aa16d70bcae49c9bd5f1c23e546e293d4d98c3617dfcb2f47ab5a81433d004a",
    "https://esm.sh/linkedom@0.18.9/denonext/esm/mixin/child-node.mjs": "df3ee70a087389bceabb1aee157ba831f6ab07f726ebdf61574e59111b281138",
    "https://esm.sh/linkedom@0.18.9/denonext/esm/mixin/inner-html.mjs": "48d8e6958587f55cd6550062017cb8d1d91dd8b3b17522e2f4d7a4e5d08919de",
    "https://esm.sh/linkedom@0.18.9/denonext/esm/mixin/non-document-type-child-node.mjs": "c7ec3d02a5b0756f620fa7084858dec02820008e676eacbbfc6d222ceb10760d",
    "https://esm.sh/linkedom@0.18.9/denonext/esm/mixin/non-element-parent-node.mjs": "2a4e343a88d238ec949bff1dd2710f4e26980313d5d50d10f5a32b4160f3bb61",
    "https://esm.sh/linkedom@0.18.9/denonext/esm/mixin/parent-node.mjs": "05946cffaf51cc0e1508983723319ca16e4de97c52b9e0c7797186935446ac82",
    "https://esm.sh/linkedom@0.18.9/denonext/esm/shared/attributes.mjs": "79a160f685d9e0ea2838fe94c2f802c393de1627325abe696554f247a43e9146",
    "https://esm.sh/linkedom@0.18.9/denonext/esm/shared/constants.mjs": "ac47833c68a85daa3f4579cd3176cbbe64b539957a9aefc6243e6d5720b6eb6a",
    "https://esm.sh/linkedom@0.18.9/denonext/esm/shared/facades.mjs": "3eed5acc28866d5cc29a368fe4e35fd757e5abbb09ac9ca58605ce7a89fd9598",
    "https://esm.sh/linkedom@0.18.9/denonext/esm/shared/html-classes.mjs": "142e635ac33c5fd631fc04c4c30a318088e322cfc09eaedc4272c48706b93e5e",
    "https://esm.sh/linkedom@0.18.9/denonext/esm/shared/jsdon.mjs": "3ba209d50012a768fc66c059b8fb62e0a740b3e25edc94f31dcae37b69115cc0",
    "https://esm.sh/linkedom@0.18.9/denonext/esm/shared/matches.mjs": "c99e02be3a61e047cd2a08bd0282277255daddba9c0728fb800dd2984625a60b",
    "https://esm.sh/linkedom@0.18.9/denonext/esm/shared/node.mjs": "8e4ca2405067d6ea764b9438b4c76f328ddb342a501cc9ecdff0a3dfc67d8414",
    "https://esm.sh/linkedom@0.18.9/denonext/esm/shared/object.mjs": "a40adac0203adb7aa3f9d1ead401934deb6f76b590c48c9e0c5fe13fbfe06d9f",
    "https://esm.sh/linkedom@0.18.9/denonext/esm/shared/parse-from-string.mjs": "5114bd9eebdeee2ae7f19785f18b302ec5fc7175c565455e7d67b889400078e9",
    "https://esm.sh/linkedom@0.18.9/denonext/esm/shared/register-html-class.mjs": "47663a08f0e5ff2de29383f8748372a22ffd8a133eef0622f258e16cf4363274",
    "https://esm.sh/linkedom@0.18.9/denonext/esm/shared/shadow-roots.mjs": "ff9494b9b759a75345849f37ad62dc0b74e3929253d42c48f01bda1ea4e22967",
    "https://esm.sh/linkedom@0.18.9/denonext/esm/shared/symbols.mjs": "86333e5873bb3bba85c45bbc859c74eeffdbf57171b15994b24619e39bf402fb",
    "https://esm.sh/linkedom@0.18.9/denonext/esm/shared/text-escaper.mjs": "f2bd2ab35d393e09452725b95fc230401dc2eb8d1ac120d5f4d358e9771f5f02",
    "https://esm.sh/linkedom@0.18.9/denonext/esm/shared/utils.mjs": "a0d77fcfd9e71337c221078d7fcfe3b043fc7e5da69d6fc2ea6960dabbadec78",
    "https://esm.sh/linkedom@0.18.9/denonext/esm/svg/element.mjs": "a6f141c5978d1428401588ceff6163dd6376c40d9a6e74a75936e45999fcf916",
    "https://esm.sh/linkedom@0.18.9/denonext/linkedom.mjs": "c0275b211d3d9b30ba4d63253e831db12b3b8984f5d703d2e5ad84297e7c7f88",
    "https://esm.sh/marked@15.0.12": "30e6aaf750baf27699feb1eff5233c9ebf50796201416008c15cfe799e6fa4b4",
    "https://esm.sh/marked@15.0.12/denonext/marked.mjs": "5d8e995396a2595354a1d1c85c4975e05ef4927cad25769ed346578b17bbeec2",
    "https://esm.sh/nth-check@2.1.1/denonext/nth-check.mjs": "2b0541d4564b27c31b37b006329c64036bee04a4c8f14e8357037fd7d35ecfe4",
    "https://esm.sh/nth-check@2.1.1?target=denonext": "689135c5e0e825a2a89058636f1b3a497040597c17de9107c703e9d764d22e25",
    "https://esm.sh/tslib@2.8.1/denonext/tslib.mjs": "ebce3cd5facb654623020337f867b426ba95f71596ba87acc9e6c6f4e55905ca",
    "https://esm.sh/uhyphen@0.2.0/denonext/uhyphen.mjs": "c9cb7bd80a7d7de55616628523cd6be52a74cfc5ccdd0c871c10e94861e34f71",
    "https://esm.sh/uhyphen@0.2.0?target=denonext": "3b34a717188b1d17a910e19ae635d8ecc355635e66393d95163bb5b2506214d7"
  }
}
